
Microsoft Visual Studio Solution File, Format Version 12.00
# Visual Studio Version 16
VisualStudioVersion = 16.0.29806.167
MinimumVisualStudioVersion = 10.0.40219.1
Project("{9A19103F-16F7-4668-BE54-9A1E7A4F7556}") = "Dapper.FluentMap", "src\Dapper.FluentMap\Dapper.FluentMap.csproj", "{0A936C70-8EFE-4EE8-AEA7-07F10792739F}"
EndProject
Project("{9A19103F-16F7-4668-BE54-9A1E7A4F7556}") = "Dapper.FluentMap.Dommel", "src\Dapper.FluentMap.Dommel\Dapper.FluentMap.Dommel.csproj", "{0208A1C1-10A1-4187-A533-2F9A94B1BD4B}"
EndProject
Project("{2150E333-8FDC-42A3-9474-1A3956D46DE8}") = "src", "src", "{298DFA29-511A-4EC7-BEDD-61F2AADBAC08}"
EndProject
Project("{2150E333-8FDC-42A3-9474-1A3956D46DE8}") = "test", "test", "{9E187E9E-B160-4D37-A5DB-E645BC49EB68}"
EndProject
Project("{FAE04EC0-301F-11D3-BF4B-00C04F79EFBC}") = "Dapper.FluentMap.Tests", "test\Dapper.FluentMap.Tests\Dapper.FluentMap.Tests.csproj", "{4E9AFBE9-86B3-4BBB-88E1-B8F8324F61DC}"
EndProject
Project("{2150E333-8FDC-42A3-9474-1A3956D46DE8}") = "Solution Items", "Solution Items", "{CFF3256E-B05C-4B54-AB1C-B1FE1E42F222}"
	ProjectSection(SolutionItems) = preProject
		NuGet.Config = NuGet.Config
	EndProjectSection
EndProject
Global
	GlobalSection(SolutionConfigurationPlatforms) = preSolution
		Debug|Any CPU = Debug|Any CPU
		Release|Any CPU = Release|Any CPU
	EndGlobalSection
	GlobalSection(ProjectConfigurationPlatforms) = postSolution
		{0A936C70-8EFE-4EE8-AEA7-07F10792739F}.Debug|Any CPU.ActiveCfg = Debug|Any CPU
		{0A936C70-8EFE-4EE8-AEA7-07F10792739F}.Debug|Any CPU.Build.0 = Debug|Any CPU
		{0A936C70-8EFE-4EE8-AEA7-07F10792739F}.Release|Any CPU.ActiveCfg = Release|Any CPU
		{0A936C70-8EFE-4EE8-AEA7-07F10792739F}.Release|Any CPU.Build.0 = Release|Any CPU
		{0208A1C1-10A1-4187-A533-2F9A94B1BD4B}.Debug|Any CPU.ActiveCfg = Debug|Any CPU
		{0208A1C1-10A1-4187-A533-2F9A94B1BD4B}.Debug|Any CPU.Build.0 = Debug|Any CPU
		{0208A1C1-10A1-4187-A533-2F9A94B1BD4B}.Release|Any CPU.ActiveCfg = Release|Any CPU
		{0208A1C1-10A1-4187-A533-2F9A94B1BD4B}.Release|Any CPU.Build.0 = Release|Any CPU
		{4E9AFBE9-86B3-4BBB-88E1-B8F8324F61DC}.Debug|Any CPU.ActiveCfg = Debug|Any CPU
		{4E9AFBE9-86B3-4BBB-88E1-B8F8324F61DC}.Debug|Any CPU.Build.0 = Debug|Any CPU
		{4E9AFBE9-86B3-4BBB-88E1-B8F8324F61DC}.Release|Any CPU.ActiveCfg = Release|Any CPU
		{4E9AFBE9-86B3-4BBB-88E1-B8F8324F61DC}.Release|Any CPU.Build.0 = Release|Any CPU
	EndGlobalSection
	GlobalSection(SolutionProperties) = preSolution
		HideSolutionNode = FALSE
	EndGlobalSection
	GlobalSection(NestedProjects) = preSolution
		{0A936C70-8EFE-4EE8-AEA7-07F10792739F} = {298DFA29-511A-4EC7-BEDD-61F2AADBAC08}
		{0208A1C1-10A1-4187-A533-2F9A94B1BD4B} = {298DFA29-511A-4EC7-BEDD-61F2AADBAC08}
		{4E9AFBE9-86B3-4BBB-88E1-B8F8324F61DC} = {9E187E9E-B160-4D37-A5DB-E645BC49EB68}
	EndGlobalSection
	GlobalSection(ExtensibilityGlobals) = postSolution
		SolutionGuid = {ED1A4D54-CFBE-48B1-BDE3-FE9EB58A8F9F}
	EndGlobalSection
EndGlobal
